
Microsoft Visual Studio Solution File, Format Version 12.00
# Visual Studio Version 17
VisualStudioVersion = 17.11.35327.3
MinimumVisualStudioVersion = 10.0.40219.1
Project("{FAE04EC0-301F-11D3-BF4B-00C04F79EFBC}") = "OOP", "OOP\OOP.csproj", "{511CD4BA-09D4-4C10-BB04-93A551CD14D7}"
EndProject
Global
	GlobalSection(SolutionConfigurationPlatforms) = preSolution
		Debug|Any CPU = Debug|Any CPU
		Release|Any CPU = Release|Any CPU
	EndGlobalSection
	GlobalSection(ProjectConfigurationPlatforms) = postSolution
		{511CD4BA-09D4-4C10-BB04-93A551CD14D7}.Debug|Any CPU.ActiveCfg = Debug|Any CPU
		{511CD4BA-09D4-4C10-BB04-93A551CD14D7}.Debug|Any CPU.Build.0 = Debug|Any CPU
		{511CD4BA-09D4-4C10-BB04-93A551CD14D7}.Release|Any CPU.ActiveCfg = Release|Any CPU
		{511CD4BA-09D4-4C10-BB04-93A551CD14D7}.Release|Any CPU.Build.0 = Release|Any CPU
	EndGlobalSection
	GlobalSection(SolutionProperties) = preSolution
		HideSolutionNode = FALSE
	EndGlobalSection
	GlobalSection(ExtensibilityGlobals) = postSolution
		SolutionGuid = {C0671435-C4D2-4EB2-B107-09818E45F540}
	EndGlobalSection
EndGlobal
